// !$*UTF8*$!
{
	archiveVersion = 1;
	classes = {
	};
	objectVersion = 50;
	objects = {

/* Begin PBXBuildFile section */
		BFFF227320A77BB000220446 /* AppDelegate.swift in Sources */ = {isa = PBXBuildFile; fileRef = BFFF227220A77BB000220446 /* AppDelegate.swift */; };
		BFFF227520A77BB000220446 /* ViewController.swift in Sources */ = {isa = PBXBuildFile; fileRef = BFFF227420A77BB000220446 /* ViewController.swift */; };
		BFFF227820A77BB000220446 /* Main.storyboard in Resources */ = {isa = PBXBuildFile; fileRef = BFFF227620A77BB000220446 /* Main.storyboard */; };
		BFFF227A20A77BB100220446 /* Assets.xcassets in Resources */ = {isa = PBXBuildFile; fileRef = BFFF227920A77BB100220446 /* Assets.xcassets */; };
		BFFF227D20A77BB100220446 /* LaunchScreen.storyboard in Resources */ = {isa = PBXBuildFile; fileRef = BFFF227B20A77BB100220446 /* LaunchScreen.storyboard */; };
		BFFF228820A77BB100220446 /* SethAndBrandisWeddingTests.swift in Sources */ = {isa = PBXBuildFile; fileRef = BFFF228720A77BB100220446 /* SethAndBrandisWeddingTests.swift */; };
		BFFF229320A77BB100220446 /* SethAndBrandisWeddingUITests.swift in Sources */ = {isa = PBXBuildFile; fileRef = BFFF229220A77BB100220446 /* SethAndBrandisWeddingUITests.swift */; };
/* End PBXBuildFile section */

/* Begin PBXContainerItemProxy section */
		BFFF228420A77BB100220446 /* PBXContainerItemProxy */ = {
			isa = PBXContainerItemProxy;
			containerPortal = BFFF226720A77BB000220446 /* Project object */;
			proxyType = 1;
			remoteGlobalIDString = BFFF226E20A77BB000220446;
			remoteInfo = SethAndBrandisWedding;
		};
		BFFF228F20A77BB100220446 /* PBXContainerItemProxy */ = {
			isa = PBXContainerItemProxy;
			containerPortal = BFFF226720A77BB000220446 /* Project object */;
			proxyType = 1;
			remoteGlobalIDString = BFFF226E20A77BB000220446;
			remoteInfo = SethAndBrandisWedding;
		};
/* End PBXContainerItemProxy section */

/* Begin PBXFileReference section */
		BFFF226F20A77BB000220446 /* SethAndBrandisWedding.app */ = {isa = PBXFileReference; explicitFileType = wrapper.application; includeInIndex = 0; path = SethAndBrandisWedding.app; sourceTree = BUILT_PRODUCTS_DIR; };
		BFFF227220A77BB000220446 /* AppDelegate.swift */ = {isa = PBXFileReference; lastKnownFileType = sourcecode.swift; path = AppDelegate.swift; sourceTree = "<group>"; };
		BFFF227420A77BB000220446 /* ViewController.swift */ = {isa = PBXFileReference; lastKnownFileType = sourcecode.swift; path = ViewController.swift; sourceTree = "<group>"; };
		BFFF227720A77BB000220446 /* Base */ = {isa = PBXFileReference; lastKnownFileType = file.storyboard; name = Base; path = Base.lproj/Main.storyboard; sourceTree = "<group>"; };
		BFFF227920A77BB100220446 /* Assets.xcassets */ = {isa = PBXFileReference; lastKnownFileType = folder.assetcatalog; path = Assets.xcassets; sourceTree = "<group>"; };
		BFFF227C20A77BB100220446 /* Base */ = {isa = PBXFileReference; lastKnownFileType = file.storyboard; name = Base; path = Base.lproj/LaunchScreen.storyboard; sourceTree = "<group>"; };
		BFFF227E20A77BB100220446 /* Info.plist */ = {isa = PBXFileReference; lastKnownFileType = text.plist.xml; path = Info.plist; sourceTree = "<group>"; };
		BFFF228320A77BB100220446 /* SethAndBrandisWeddingTests.xctest */ = {isa = PBXFileReference; explicitFileType = wrapper.cfbundle; includeInIndex = 0; path = SethAndBrandisWeddingTests.xctest; sourceTree = BUILT_PRODUCTS_DIR; };
		BFFF228720A77BB100220446 /* SethAndBrandisWeddingTests.swift */ = {isa = PBXFileReference; lastKnownFileType = sourcecode.swift; path = SethAndBrandisWeddingTests.swift; sourceTree = "<group>"; };
		BFFF228920A77BB100220446 /* Info.plist */ = {isa = PBXFileReference; lastKnownFileType = text.plist.xml; path = Info.plist; sourceTree = "<group>"; };
		BFFF228E20A77BB100220446 /* SethAndBrandisWeddingUITests.xctest */ = {isa = PBXFileReference; explicitFileType = wrapper.cfbundle; includeInIndex = 0; path = SethAndBrandisWeddingUITests.xctest; sourceTree = BUILT_PRODUCTS_DIR; };
		BFFF229220A77BB100220446 /* SethAndBrandisWeddingUITests.swift */ = {isa = PBXFileReference; lastKnownFileType = sourcecode.swift; path = SethAndBrandisWeddingUITests.swift; sourceTree = "<group>"; };
		BFFF229420A77BB100220446 /* Info.plist */ = {isa = PBXFileReference; lastKnownFileType = text.plist.xml; path = Info.plist; sourceTree = "<group>"; };
/* End PBXFileReference section */

/* Begin PBXFrameworksBuildPhase section */
		BFFF226C20A77BB000220446 /* Frameworks */ = {
			isa = PBXFrameworksBuildPhase;
			buildActionMask = 2147483647;
			files = (
			);
			runOnlyForDeploymentPostprocessing = 0;
		};
		BFFF228020A77BB100220446 /* Frameworks */ = {
			isa = PBXFrameworksBuildPhase;
			buildActionMask = 2147483647;
			files = (
			);
			runOnlyForDeploymentPostprocessing = 0;
		};
		BFFF228B20A77BB100220446 /* Frameworks */ = {
			isa = PBXFrameworksBuildPhase;
			buildActionMask = 2147483647;
			files = (
			);
			runOnlyForDeploymentPostprocessing = 0;
		};
/* End PBXFrameworksBuildPhase section */

/* Begin PBXGroup section */
		BFFF226620A77BB000220446 = {
			isa = PBXGroup;
			children = (
				BFFF227120A77BB000220446 /* SethAndBrandisWedding */,
				BFFF228620A77BB100220446 /* SethAndBrandisWeddingTests */,
				BFFF229120A77BB100220446 /* SethAndBrandisWeddingUITests */,
				BFFF227020A77BB000220446 /* Products */,
			);
			sourceTree = "<group>";
		};
		BFFF227020A77BB000220446 /* Products */ = {
			isa = PBXGroup;
			children = (
				BFFF226F20A77BB000220446 /* SethAndBrandisWedding.app */,
				BFFF228320A77BB100220446 /* SethAndBrandisWeddingTests.xctest */,
				BFFF228E20A77BB100220446 /* SethAndBrandisWeddingUITests.xctest */,
			);
			name = Products;
			sourceTree = "<group>";
		};
		BFFF227120A77BB000220446 /* SethAndBrandisWedding */ = {
			isa = PBXGroup;
			children = (
				BFFF227220A77BB000220446 /* AppDelegate.swift */,
				BFFF227420A77BB000220446 /* ViewController.swift */,
				BFFF227620A77BB000220446 /* Main.storyboard */,
				BFFF227920A77BB100220446 /* Assets.xcassets */,
				BFFF227B20A77BB100220446 /* LaunchScreen.storyboard */,
				BFFF227E20A77BB100220446 /* Info.plist */,
			);
			path = SethAndBrandisWedding;
			sourceTree = "<group>";
		};
		BFFF228620A77BB100220446 /* SethAndBrandisWeddingTests */ = {
			isa = PBXGroup;
			children = (
				BFFF228720A77BB100220446 /* SethAndBrandisWeddingTests.swift */,
				BFFF228920A77BB100220446 /* Info.plist */,
			);
			path = SethAndBrandisWeddingTests;
			sourceTree = "<group>";
		};
		BFFF229120A77BB100220446 /* SethAndBrandisWeddingUITests */ = {
			isa = PBXGroup;
			children = (
				BFFF229220A77BB100220446 /* SethAndBrandisWeddingUITests.swift */,
				BFFF229420A77BB100220446 /* Info.plist */,
			);
			path = SethAndBrandisWeddingUITests;
			sourceTree = "<group>";
		};
/* End PBXGroup section */

/* Begin PBXNativeTarget section */
		BFFF226E20A77BB000220446 /* SethAndBrandisWedding */ = {
			isa = PBXNativeTarget;
			buildConfigurationList = BFFF229720A77BB100220446 /* Build configuration list for PBXNativeTarget "SethAndBrandisWedding" */;
			buildPhases = (
				BFFF226B20A77BB000220446 /* Sources */,
				BFFF226C20A77BB000220446 /* Frameworks */,
				BFFF226D20A77BB000220446 /* Resources */,
			);
			buildRules = (
			);
			dependencies = (
			);
			name = SethAndBrandisWedding;
			productName = SethAndBrandisWedding;
			productReference = BFFF226F20A77BB000220446 /* SethAndBrandisWedding.app */;
			productType = "com.apple.product-type.application";
		};
		BFFF228220A77BB100220446 /* SethAndBrandisWeddingTests */ = {
			isa = PBXNativeTarget;
			buildConfigurationList = BFFF229A20A77BB100220446 /* Build configuration list for PBXNativeTarget "SethAndBrandisWeddingTests" */;
			buildPhases = (
				BFFF227F20A77BB100220446 /* Sources */,
				BFFF228020A77BB100220446 /* Frameworks */,
				BFFF228120A77BB100220446 /* Resources */,
			);
			buildRules = (
			);
			dependencies = (
				BFFF228520A77BB100220446 /* PBXTargetDependency */,
			);
			name = SethAndBrandisWeddingTests;
			productName = SethAndBrandisWeddingTests;
			productReference = BFFF228320A77BB100220446 /* SethAndBrandisWeddingTests.xctest */;
			productType = "com.apple.product-type.bundle.unit-test";
		};
		BFFF228D20A77BB100220446 /* SethAndBrandisWeddingUITests */ = {
			isa = PBXNativeTarget;
			buildConfigurationList = BFFF229D20A77BB100220446 /* Build configuration list for PBXNativeTarget "SethAndBrandisWeddingUITests" */;
			buildPhases = (
				BFFF228A20A77BB100220446 /* Sources */,
				BFFF228B20A77BB100220446 /* Frameworks */,
				BFFF228C20A77BB100220446 /* Resources */,
			);
			buildRules = (
			);
			dependencies = (
				BFFF229020A77BB100220446 /* PBXTargetDependency */,
			);
			name = SethAndBrandisWeddingUITests;
			productName = SethAndBrandisWeddingUITests;
			productReference = BFFF228E20A77BB100220446 /* SethAndBrandisWeddingUITests.xctest */;
			productType = "com.apple.product-type.bundle.ui-testing";
		};
/* End PBXNativeTarget section */

/* Begin PBXProject section */
		BFFF226720A77BB000220446 /* Project object */ = {
			isa = PBXProject;
			attributes = {
				LastSwiftUpdateCheck = 0930;
				LastUpgradeCheck = 0930;
				ORGANIZATIONNAME = "Seth Rininger";
				TargetAttributes = {
					BFFF226E20A77BB000220446 = {
						CreatedOnToolsVersion = 9.3;
					};
					BFFF228220A77BB100220446 = {
						CreatedOnToolsVersion = 9.3;
						TestTargetID = BFFF226E20A77BB000220446;
					};
					BFFF228D20A77BB100220446 = {
						CreatedOnToolsVersion = 9.3;
						TestTargetID = BFFF226E20A77BB000220446;
					};
				};
			};
			buildConfigurationList = BFFF226A20A77BB000220446 /* Build configuration list for PBXProject "SethAndBrandisWedding" */;
			compatibilityVersion = "Xcode 9.3";
			developmentRegion = en;
			hasScannedForEncodings = 0;
			knownRegions = (
				en,
				Base,
			);
			mainGroup = BFFF226620A77BB000220446;
			productRefGroup = BFFF227020A77BB000220446 /* Products */;
			projectDirPath = "";
			projectRoot = "";
			targets = (
				BFFF226E20A77BB000220446 /* SethAndBrandisWedding */,
				BFFF228220A77BB100220446 /* SethAndBrandisWeddingTests */,
				BFFF228D20A77BB100220446 /* SethAndBrandisWeddingUITests */,
			);
		};
/* End PBXProject section */

/* Begin PBXResourcesBuildPhase section */
		BFFF226D20A77BB000220446 /* Resources */ = {
			isa = PBXResourcesBuildPhase;
			buildActionMask = 2147483647;
			files = (
				BFFF227D20A77BB100220446 /* LaunchScreen.storyboard in Resources */,
				BFFF227A20A77BB100220446 /* Assets.xcassets in Resources */,
				BFFF227820A77BB000220446 /* Main.storyboard in Resources */,
			);
			runOnlyForDeploymentPostprocessing = 0;
		};
		BFFF228120A77BB100220446 /* Resources */ = {
			isa = PBXResourcesBuildPhase;
			buildActionMask = 2147483647;
			files = (
			);
			runOnlyForDeploymentPostprocessing = 0;
		};
		BFFF228C20A77BB100220446 /* Resources */ = {
			isa = PBXResourcesBuildPhase;
			buildActionMask = 2147483647;
			files = (
			);
			runOnlyForDeploymentPostprocessing = 0;
		};
/* End PBXResourcesBuildPhase section */

/* Begin PBXSourcesBuildPhase section */
		BFFF226B20A77BB000220446 /* Sources */ = {
			isa = PBXSourcesBuildPhase;
			buildActionMask = 2147483647;
			files = (
				BFFF227520A77BB000220446 /* ViewController.swift in Sources */,
				BFFF227320A77BB000220446 /* AppDelegate.swift in Sources */,
			);
			runOnlyForDeploymentPostprocessing = 0;
		};
		BFFF227F20A77BB100220446 /* Sources */ = {
			isa = PBXSourcesBuildPhase;
			buildActionMask = 2147483647;
			files = (
				BFFF228820A77BB100220446 /* SethAndBrandisWeddingTests.swift in Sources */,
			);
			runOnlyForDeploymentPostprocessing = 0;
		};
		BFFF228A20A77BB100220446 /* Sources */ = {
			isa = PBXSourcesBuildPhase;
			buildActionMask = 2147483647;
			files = (
				BFFF229320A77BB100220446 /* SethAndBrandisWeddingUITests.swift in Sources */,
			);
			runOnlyForDeploymentPostprocessing = 0;
		};
/* End PBXSourcesBuildPhase section */

/* Begin PBXTargetDependency section */
		BFFF228520A77BB100220446 /* PBXTargetDependency */ = {
			isa = PBXTargetDependency;
			target = BFFF226E20A77BB000220446 /* SethAndBrandisWedding */;
			targetProxy = BFFF228420A77BB100220446 /* PBXContainerItemProxy */;
		};
		BFFF229020A77BB100220446 /* PBXTargetDependency */ = {
			isa = PBXTargetDependency;
			target = BFFF226E20A77BB000220446 /* SethAndBrandisWedding */;
			targetProxy = BFFF228F20A77BB100220446 /* PBXContainerItemProxy */;
		};
/* End PBXTargetDependency section */

/* Begin PBXVariantGroup section */
		BFFF227620A77BB000220446 /* Main.storyboard */ = {
			isa = PBXVariantGroup;
			children = (
				BFFF227720A77BB000220446 /* Base */,
			);
			name = Main.storyboard;
			sourceTree = "<group>";
		};
		BFFF227B20A77BB100220446 /* LaunchScreen.storyboard */ = {
			isa = PBXVariantGroup;
			children = (
				BFFF227C20A77BB100220446 /* Base */,
			);
			name = LaunchScreen.storyboard;
			sourceTree = "<group>";
		};
/* End PBXVariantGroup section */

/* Begin XCBuildConfiguration section */
		BFFF229520A77BB100220446 /* Debug */ = {
			isa = XCBuildConfiguration;
			buildSettings = {
				ALWAYS_SEARCH_USER_PATHS = NO;
				CLANG_ANALYZER_NONNULL = YES;
				CLANG_ANALYZER_NUMBER_OBJECT_CONVERSION = YES_AGGRESSIVE;
				CLANG_CXX_LANGUAGE_STANDARD = "gnu++14";
				CLANG_CXX_LIBRARY = "libc++";
				CLANG_ENABLE_MODULES = YES;
				CLANG_ENABLE_OBJC_ARC = YES;
				CLANG_ENABLE_OBJC_WEAK = YES;
				CLANG_WARN_BLOCK_CAPTURE_AUTORELEASING = YES;
				CLANG_WARN_BOOL_CONVERSION = YES;
				CLANG_WARN_COMMA = YES;
				CLANG_WARN_CONSTANT_CONVERSION = YES;
				CLANG_WARN_DEPRECATED_OBJC_IMPLEMENTATIONS = YES;
				CLANG_WARN_DIRECT_OBJC_ISA_USAGE = YES_ERROR;
				CLANG_WARN_DOCUMENTATION_COMMENTS = YES;
				CLANG_WARN_EMPTY_BODY = YES;
				CLANG_WARN_ENUM_CONVERSION = YES;
				CLANG_WARN_INFINITE_RECURSION = YES;
				CLANG_WARN_INT_CONVERSION = YES;
				CLANG_WARN_NON_LITERAL_NULL_CONVERSION = YES;
				CLANG_WARN_OBJC_IMPLICIT_RETAIN_SELF = YES;
				CLANG_WARN_OBJC_LITERAL_CONVERSION = YES;
				CLANG_WARN_OBJC_ROOT_CLASS = YES_ERROR;
				CLANG_WARN_RANGE_LOOP_ANALYSIS = YES;
				CLANG_WARN_STRICT_PROTOTYPES = YES;
				CLANG_WARN_SUSPICIOUS_MOVE = YES;
				CLANG_WARN_UNGUARDED_AVAILABILITY = YES_AGGRESSIVE;
				CLANG_WARN_UNREACHABLE_CODE = YES;
				CLANG_WARN__DUPLICATE_METHOD_MATCH = YES;
				CODE_SIGN_IDENTITY = "iPhone Developer";
				COPY_PHASE_STRIP = NO;
				DEBUG_INFORMATION_FORMAT = dwarf;
				ENABLE_STRICT_OBJC_MSGSEND = YES;
				ENABLE_TESTABILITY = YES;
				GCC_C_LANGUAGE_STANDARD = gnu11;
				GCC_DYNAMIC_NO_PIC = NO;
				GCC_NO_COMMON_BLOCKS = YES;
				GCC_OPTIMIZATION_LEVEL = 0;
				GCC_PREPROCESSOR_DEFINITIONS = (
					"DEBUG=1",
					"$(inherited)",
				);
				GCC_WARN_64_TO_32_BIT_CONVERSION = YES;
				GCC_WARN_ABOUT_RETURN_TYPE = YES_ERROR;
				GCC_WARN_UNDECLARED_SELECTOR = YES;
				GCC_WARN_UNINITIALIZED_AUTOS = YES_AGGRESSIVE;
				GCC_WARN_UNUSED_FUNCTION = YES;
				GCC_WARN_UNUSED_VARIABLE = YES;
				IPHONEOS_DEPLOYMENT_TARGET = 11.3;
				MTL_ENABLE_DEBUG_INFO = YES;
				ONLY_ACTIVE_ARCH = YES;
				SDKROOT = iphoneos;
				SWIFT_ACTIVE_COMPILATION_CONDITIONS = DEBUG;
				SWIFT_OPTIMIZATION_LEVEL = "-Onone";
			};
			name = Debug;
		};
		BFFF229620A77BB100220446 /* Release */ = {
			isa = XCBuildConfiguration;
			buildSettings = {
				ALWAYS_SEARCH_USER_PATHS = NO;
				CLANG_ANALYZER_NONNULL = YES;
				CLANG_ANALYZER_NUMBER_OBJECT_CONVERSION = YES_AGGRESSIVE;
				CLANG_CXX_LANGUAGE_STANDARD = "gnu++14";
				CLANG_CXX_LIBRARY = "libc++";
				CLANG_ENABLE_MODULES = YES;
				CLANG_ENABLE_OBJC_ARC = YES;
				CLANG_ENABLE_OBJC_WEAK = YES;
				CLANG_WARN_BLOCK_CAPTURE_AUTORELEASING = YES;
				CLANG_WARN_BOOL_CONVERSION = YES;
				CLANG_WARN_COMMA = YES;
				CLANG_WARN_CONSTANT_CONVERSION = YES;
				CLANG_WARN_DEPRECATED_OBJC_IMPLEMENTATIONS = YES;
				CLANG_WARN_DIRECT_OBJC_ISA_USAGE = YES_ERROR;
				CLANG_WARN_DOCUMENTATION_COMMENTS = YES;
				CLANG_WARN_EMPTY_BODY = YES;
				CLANG_WARN_ENUM_CONVERSION = YES;
				CLANG_WARN_INFINITE_RECURSION = YES;
				CLANG_WARN_INT_CONVERSION = YES;
				CLANG_WARN_NON_LITERAL_NULL_CONVERSION = YES;
				CLANG_WARN_OBJC_IMPLICIT_RETAIN_SELF = YES;
				CLANG_WARN_OBJC_LITERAL_CONVERSION = YES;
				CLANG_WARN_OBJC_ROOT_CLASS = YES_ERROR;
				CLANG_WARN_RANGE_LOOP_ANALYSIS = YES;
				CLANG_WARN_STRICT_PROTOTYPES = YES;
				CLANG_WARN_SUSPICIOUS_MOVE = YES;
				CLANG_WARN_UNGUARDED_AVAILABILITY = YES_AGGRESSIVE;
				CLANG_WARN_UNREACHABLE_CODE = YES;
				CLANG_WARN__DUPLICATE_METHOD_MATCH = YES;
				CODE_SIGN_IDENTITY = "iPhone Developer";
				COPY_PHASE_STRIP = NO;
				DEBUG_INFORMATION_FORMAT = "dwarf-with-dsym";
				ENABLE_NS_ASSERTIONS = NO;
				ENABLE_STRICT_OBJC_MSGSEND = YES;
				GCC_C_LANGUAGE_STANDARD = gnu11;
				GCC_NO_COMMON_BLOCKS = YES;
				GCC_WARN_64_TO_32_BIT_CONVERSION = YES;
				GCC_WARN_ABOUT_RETURN_TYPE = YES_ERROR;
				GCC_WARN_UNDECLARED_SELECTOR = YES;
				GCC_WARN_UNINITIALIZED_AUTOS = YES_AGGRESSIVE;
				GCC_WARN_UNUSED_FUNCTION = YES;
				GCC_WARN_UNUSED_VARIABLE = YES;
				IPHONEOS_DEPLOYMENT_TARGET = 11.3;
				MTL_ENABLE_DEBUG_INFO = NO;
				SDKROOT = iphoneos;
				SWIFT_COMPILATION_MODE = wholemodule;
				SWIFT_OPTIMIZATION_LEVEL = "-O";
				VALIDATE_PRODUCT = YES;
			};
			name = Release;
		};
		BFFF229820A77BB100220446 /* Debug */ = {
			isa = XCBuildConfiguration;
			buildSettings = {
				ASSETCATALOG_COMPILER_APPICON_NAME = AppIcon;
				CODE_SIGN_STYLE = Automatic;
				DEVELOPMENT_TEAM = W4LMLWUZ6G;
				INFOPLIST_FILE = SethAndBrandisWedding/Info.plist;
				LD_RUNPATH_SEARCH_PATHS = (
					"$(inherited)",
					"@executable_path/Frameworks",
				);
				PRODUCT_BUNDLE_IDENTIFIER = com.Seth.me.SethAndBrandisWedding;
				PRODUCT_NAME = "$(TARGET_NAME)";
				SWIFT_VERSION = 4.0;
				TARGETED_DEVICE_FAMILY = "1,2";
			};
			name = Debug;
		};
		BFFF229920A77BB100220446 /* Release */ = {
			isa = XCBuildConfiguration;
			buildSettings = {
				ASSETCATALOG_COMPILER_APPICON_NAME = AppIcon;
				CODE_SIGN_STYLE = Automatic;
				DEVELOPMENT_TEAM = W4LMLWUZ6G;
				INFOPLIST_FILE = SethAndBrandisWedding/Info.plist;
				LD_RUNPATH_SEARCH_PATHS = (
					"$(inherited)",
					"@executable_path/Frameworks",
				);
				PRODUCT_BUNDLE_IDENTIFIER = com.Seth.me.SethAndBrandisWedding;
				PRODUCT_NAME = "$(TARGET_NAME)";
				SWIFT_VERSION = 4.0;
				TARGETED_DEVICE_FAMILY = "1,2";
			};
			name = Release;
		};
		BFFF229B20A77BB100220446 /* Debug */ = {
			isa = XCBuildConfiguration;
			buildSettings = {
				ALWAYS_EMBED_SWIFT_STANDARD_LIBRARIES = YES;
				BUNDLE_LOADER = "$(TEST_HOST)";
				CODE_SIGN_STYLE = Automatic;
				DEVELOPMENT_TEAM = W4LMLWUZ6G;
				INFOPLIST_FILE = SethAndBrandisWeddingTests/Info.plist;
				LD_RUNPATH_SEARCH_PATHS = (
					"$(inherited)",
					"@executable_path/Frameworks",
					"@loader_path/Frameworks",
				);
				PRODUCT_BUNDLE_IDENTIFIER = com.Seth.me.SethAndBrandisWeddingTests;
				PRODUCT_NAME = "$(TARGET_NAME)";
				SWIFT_VERSION = 4.0;
				TARGETED_DEVICE_FAMILY = "1,2";
				TEST_HOST = "$(BUILT_PRODUCTS_DIR)/SethAndBrandisWedding.app/SethAndBrandisWedding";
			};
			name = Debug;
		};
		BFFF229C20A77BB100220446 /* Release */ = {
			isa = XCBuildConfiguration;
			buildSettings = {
				ALWAYS_EMBED_SWIFT_STANDARD_LIBRARIES = YES;
				BUNDLE_LOADER = "$(TEST_HOST)";
				CODE_SIGN_STYLE = Automatic;
				DEVELOPMENT_TEAM = W4LMLWUZ6G;
				INFOPLIST_FILE = SethAndBrandisWeddingTests/Info.plist;
				LD_RUNPATH_SEARCH_PATHS = (
					"$(inherited)",
					"@executable_path/Frameworks",
					"@loader_path/Frameworks",
				);
				PRODUCT_BUNDLE_IDENTIFIER = com.Seth.me.SethAndBrandisWeddingTests;
				PRODUCT_NAME = "$(TARGET_NAME)";
				SWIFT_VERSION = 4.0;
				TARGETED_DEVICE_FAMILY = "1,2";
				TEST_HOST = "$(BUILT_PRODUCTS_DIR)/SethAndBrandisWedding.app/SethAndBrandisWedding";
			};
			name = Release;
		};
		BFFF229E20A77BB100220446 /* Debug */ = {
			isa = XCBuildConfiguration;
			buildSettings = {
				ALWAYS_EMBED_SWIFT_STANDARD_LIBRARIES = YES;
				CODE_SIGN_STYLE = Automatic;
				DEVELOPMENT_TEAM = W4LMLWUZ6G;
				INFOPLIST_FILE = SethAndBrandisWeddingUITests/Info.plist;
				LD_RUNPATH_SEARCH_PATHS = (
					"$(inherited)",
					"@executable_path/Frameworks",
					"@loader_path/Frameworks",
				);
				PRODUCT_BUNDLE_IDENTIFIER = com.Seth.me.SethAndBrandisWeddingUITests;
				PRODUCT_NAME = "$(TARGET_NAME)";
				SWIFT_VERSION = 4.0;
				TARGETED_DEVICE_FAMILY = "1,2";
				TEST_TARGET_NAME = SethAndBrandisWedding;
			};
			name = Debug;
		};
		BFFF229F20A77BB100220446 /* Release */ = {
			isa = XCBuildConfiguration;
			buildSettings = {
				ALWAYS_EMBED_SWIFT_STANDARD_LIBRARIES = YES;
				CODE_SIGN_STYLE = Automatic;
				DEVELOPMENT_TEAM = W4LMLWUZ6G;
				INFOPLIST_FILE = SethAndBrandisWeddingUITests/Info.plist;
				LD_RUNPATH_SEARCH_PATHS = (
					"$(inherited)",
					"@executable_path/Frameworks",
					"@loader_path/Frameworks",
				);
				PRODUCT_BUNDLE_IDENTIFIER = com.Seth.me.SethAndBrandisWeddingUITests;
				PRODUCT_NAME = "$(TARGET_NAME)";
				SWIFT_VERSION = 4.0;
				TARGETED_DEVICE_FAMILY = "1,2";
				TEST_TARGET_NAME = SethAndBrandisWedding;
			};
			name = Release;
		};
/* End XCBuildConfiguration section */

/* Begin XCConfigurationList section */
		BFFF226A20A77BB000220446 /* Build configuration list for PBXProject "SethAndBrandisWedding" */ = {
			isa = XCConfigurationList;
			buildConfigurations = (
				BFFF229520A77BB100220446 /* Debug */,
				BFFF229620A77BB100220446 /* Release */,
			);
			defaultConfigurationIsVisible = 0;
			defaultConfigurationName = Release;
		};
		BFFF229720A77BB100220446 /* Build configuration list for PBXNativeTarget "SethAndBrandisWedding" */ = {
			isa = XCConfigurationList;
			buildConfigurations = (
				BFFF229820A77BB100220446 /* Debug */,
				BFFF229920A77BB100220446 /* Release */,
			);
			defaultConfigurationIsVisible = 0;
			defaultConfigurationName = Release;
		};
		BFFF229A20A77BB100220446 /* Build configuration list for PBXNativeTarget "SethAndBrandisWeddingTests" */ = {
			isa = XCConfigurationList;
			buildConfigurations = (
				BFFF229B20A77BB100220446 /* Debug */,
				BFFF229C20A77BB100220446 /* Release */,
			);
			defaultConfigurationIsVisible = 0;
			defaultConfigurationName = Release;
		};
		BFFF229D20A77BB100220446 /* Build configuration list for PBXNativeTarget "SethAndBrandisWeddingUITests" */ = {
			isa = XCConfigurationList;
			buildConfigurations = (
				BFFF229E20A77BB100220446 /* Debug */,
				BFFF229F20A77BB100220446 /* Release */,
			);
			defaultConfigurationIsVisible = 0;
			defaultConfigurationName = Release;
		};
/* End XCConfigurationList section */
	};
	rootObject = BFFF226720A77BB000220446 /* Project object */;
}
